
Microsoft Visual Studio Solution File, Format Version 12.00
# Visual Studio Version 17
VisualStudioVersion = 17.9.34728.123
MinimumVisualStudioVersion = 10.0.40219.1
Project("{FAE04EC0-301F-11D3-BF4B-00C04F79EFBC}") = "AngularApp.Server", "AngularApp.Server\AngularApp.Server.csproj", "{C5ECA78E-DD0D-449D-A822-4A16C82F9C73}"
EndProject
Project("{54A90642-561A-4BB1-A94E-469ADEE60C69}") = "angularapp.client", "angularapp.client\angularapp.client.esproj", "{1033894D-13F0-447C-A929-73DD23C881D5}"
EndProject
Global
	GlobalSection(SolutionConfigurationPlatforms) = preSolution
		Debug|Any CPU = Debug|Any CPU
		Release|Any CPU = Release|Any CPU
	EndGlobalSection
	GlobalSection(ProjectConfigurationPlatforms) = postSolution
		{C5ECA78E-DD0D-449D-A822-4A16C82F9C73}.Debug|Any CPU.ActiveCfg = Debug|Any CPU
		{C5ECA78E-DD0D-449D-A822-4A16C82F9C73}.Debug|Any CPU.Build.0 = Debug|Any CPU
		{C5ECA78E-DD0D-449D-A822-4A16C82F9C73}.Release|Any CPU.ActiveCfg = Release|Any CPU
		{C5ECA78E-DD0D-449D-A822-4A16C82F9C73}.Release|Any CPU.Build.0 = Release|Any CPU
		{1033894D-13F0-447C-A929-73DD23C881D5}.Debug|Any CPU.ActiveCfg = Debug|Any CPU
		{1033894D-13F0-447C-A929-73DD23C881D5}.Debug|Any CPU.Build.0 = Debug|Any CPU
		{1033894D-13F0-447C-A929-73DD23C881D5}.Debug|Any CPU.Deploy.0 = Debug|Any CPU
		{1033894D-13F0-447C-A929-73DD23C881D5}.Release|Any CPU.ActiveCfg = Release|Any CPU
		{1033894D-13F0-447C-A929-73DD23C881D5}.Release|Any CPU.Build.0 = Release|Any CPU
		{1033894D-13F0-447C-A929-73DD23C881D5}.Release|Any CPU.Deploy.0 = Release|Any CPU
	EndGlobalSection
	GlobalSection(SolutionProperties) = preSolution
		HideSolutionNode = FALSE
	EndGlobalSection
	GlobalSection(ExtensibilityGlobals) = postSolution
		SolutionGuid = {59B81DAF-67FB-4247-B9E9-871E00C0D01A}
	EndGlobalSection
EndGlobal
